// !$*UTF8*$!
{
	archiveVersion = 1;
	classes = {
	};
	objectVersion = 46;
	objects = {

/* Begin PBXBuildFile section */
		B83CCCB719E189FB00388122 /* main.m in Sources */ = {isa = PBXBuildFile; fileRef = B83CCCB619E189FB00388122 /* main.m */; };
		B83CCCBA19E189FB00388122 /* AppDelegate.m in Sources */ = {isa = PBXBuildFile; fileRef = B83CCCB919E189FB00388122 /* AppDelegate.m */; };
		B83CCCBD19E189FB00388122 /* ViewController.m in Sources */ = {isa = PBXBuildFile; fileRef = B83CCCBC19E189FB00388122 /* ViewController.m */; };
		B83CCCC019E189FB00388122 /* Main.storyboard in Resources */ = {isa = PBXBuildFile; fileRef = B83CCCBE19E189FB00388122 /* Main.storyboard */; };
		B83CCCC219E189FB00388122 /* Images.xcassets in Resources */ = {isa = PBXBuildFile; fileRef = B83CCCC119E189FB00388122 /* Images.xcassets */; };
		B83CCCC519E189FB00388122 /* LaunchScreen.xib in Resources */ = {isa = PBXBuildFile; fileRef = B83CCCC319E189FB00388122 /* LaunchScreen.xib */; };
		B83CCCD119E189FB00388122 /* CrystalBallTests.m in Sources */ = {isa = PBXBuildFile; fileRef = B83CCCD019E189FB00388122 /* CrystalBallTests.m */; };
		B83CCCDC19E21D9F00388122 /* THCrystalBall.m in Sources */ = {isa = PBXBuildFile; fileRef = B83CCCDB19E21D9F00388122 /* THCrystalBall.m */; };
		B83CCCDE19E24B1900388122 /* crystal_ball.mp3 in Resources */ = {isa = PBXBuildFile; fileRef = B83CCCDD19E24B1900388122 /* crystal_ball.mp3 */; };
		B83CCCE219E24F5200388122 /* AVFoundation.framework in Frameworks */ = {isa = PBXBuildFile; fileRef = B83CCCE119E24F5200388122 /* AVFoundation.framework */; };
/* End PBXBuildFile section */

/* Begin PBXContainerItemProxy section */
		B83CCCCB19E189FB00388122 /* PBXContainerItemProxy */ = {
			isa = PBXContainerItemProxy;
			containerPortal = B83CCCA919E189FB00388122 /* Project object */;
			proxyType = 1;
			remoteGlobalIDString = B83CCCB019E189FB00388122;
			remoteInfo = CrystalBall;
		};
/* End PBXContainerItemProxy section */

/* Begin PBXFileReference section */
		B83CCCB119E189FB00388122 /* CrystalBall.app */ = {isa = PBXFileReference; explicitFileType = wrapper.application; includeInIndex = 0; path = CrystalBall.app; sourceTree = BUILT_PRODUCTS_DIR; };
		B83CCCB519E189FB00388122 /* Info.plist */ = {isa = PBXFileReference; lastKnownFileType = text.plist.xml; path = Info.plist; sourceTree = "<group>"; };
		B83CCCB619E189FB00388122 /* main.m */ = {isa = PBXFileReference; lastKnownFileType = sourcecode.c.objc; path = main.m; sourceTree = "<group>"; };
		B83CCCB819E189FB00388122 /* AppDelegate.h */ = {isa = PBXFileReference; lastKnownFileType = sourcecode.c.h; path = AppDelegate.h; sourceTree = "<group>"; };
		B83CCCB919E189FB00388122 /* AppDelegate.m */ = {isa = PBXFileReference; lastKnownFileType = sourcecode.c.objc; path = AppDelegate.m; sourceTree = "<group>"; };
		B83CCCBB19E189FB00388122 /* ViewController.h */ = {isa = PBXFileReference; lastKnownFileType = sourcecode.c.h; path = ViewController.h; sourceTree = "<group>"; };
		B83CCCBC19E189FB00388122 /* ViewController.m */ = {isa = PBXFileReference; lastKnownFileType = sourcecode.c.objc; path = ViewController.m; sourceTree = "<group>"; };
		B83CCCBF19E189FB00388122 /* Base */ = {isa = PBXFileReference; lastKnownFileType = file.storyboard; name = Base; path = Base.lproj/Main.storyboard; sourceTree = "<group>"; };
		B83CCCC119E189FB00388122 /* Images.xcassets */ = {isa = PBXFileReference; lastKnownFileType = folder.assetcatalog; path = Images.xcassets; sourceTree = "<group>"; };
		B83CCCC419E189FB00388122 /* Base */ = {isa = PBXFileReference; lastKnownFileType = file.xib; name = Base; path = Base.lproj/LaunchScreen.xib; sourceTree = "<group>"; };
		B83CCCCA19E189FB00388122 /* CrystalBallTests.xctest */ = {isa = PBXFileReference; explicitFileType = wrapper.cfbundle; includeInIndex = 0; path = CrystalBallTests.xctest; sourceTree = BUILT_PRODUCTS_DIR; };
		B83CCCCF19E189FB00388122 /* Info.plist */ = {isa = PBXFileReference; lastKnownFileType = text.plist.xml; path = Info.plist; sourceTree = "<group>"; };
		B83CCCD019E189FB00388122 /* CrystalBallTests.m */ = {isa = PBXFileReference; lastKnownFileType = sourcecode.c.objc; path = CrystalBallTests.m; sourceTree = "<group>"; };
		B83CCCDA19E21D9F00388122 /* THCrystalBall.h */ = {isa = PBXFileReference; fileEncoding = 4; lastKnownFileType = sourcecode.c.h; path = THCrystalBall.h; sourceTree = "<group>"; };
		B83CCCDB19E21D9F00388122 /* THCrystalBall.m */ = {isa = PBXFileReference; fileEncoding = 4; lastKnownFileType = sourcecode.c.objc; path = THCrystalBall.m; sourceTree = "<group>"; };
		B83CCCDD19E24B1900388122 /* crystal_ball.mp3 */ = {isa = PBXFileReference; lastKnownFileType = audio.mp3; path = crystal_ball.mp3; sourceTree = "<group>"; };
		B83CCCDF19E24B7500388122 /* AudioToolbox.framework */ = {isa = PBXFileReference; lastKnownFileType = wrapper.framework; name = AudioToolbox.framework; path = System/Library/Frameworks/AudioToolbox.framework; sourceTree = SDKROOT; };
		B83CCCE119E24F5200388122 /* AVFoundation.framework */ = {isa = PBXFileReference; lastKnownFileType = wrapper.framework; name = AVFoundation.framework; path = System/Library/Frameworks/AVFoundation.framework; sourceTree = SDKROOT; };
/* End PBXFileReference section */

/* Begin PBXFrameworksBuildPhase section */
		B83CCCAE19E189FB00388122 /* Frameworks */ = {
			isa = PBXFrameworksBuildPhase;
			buildActionMask = 2147483647;
			files = (
				B83CCCE219E24F5200388122 /* AVFoundation.framework in Frameworks */,
			);
			runOnlyForDeploymentPostprocessing = 0;
		};
		B83CCCC719E189FB00388122 /* Frameworks */ = {
			isa = PBXFrameworksBuildPhase;
			buildActionMask = 2147483647;
			files = (
			);
			runOnlyForDeploymentPostprocessing = 0;
		};
/* End PBXFrameworksBuildPhase section */

/* Begin PBXGroup section */
		B83CCCA819E189FB00388122 = {
			isa = PBXGroup;
			children = (
				B83CCCE119E24F5200388122 /* AVFoundation.framework */,
				B83CCCDF19E24B7500388122 /* AudioToolbox.framework */,
				B83CCCB319E189FB00388122 /* CrystalBall */,
				B83CCCCD19E189FB00388122 /* CrystalBallTests */,
				B83CCCB219E189FB00388122 /* Products */,
			);
			sourceTree = "<group>";
		};
		B83CCCB219E189FB00388122 /* Products */ = {
			isa = PBXGroup;
			children = (
				B83CCCB119E189FB00388122 /* CrystalBall.app */,
				B83CCCCA19E189FB00388122 /* CrystalBallTests.xctest */,
			);
			name = Products;
			sourceTree = "<group>";
		};
		B83CCCB319E189FB00388122 /* CrystalBall */ = {
			isa = PBXGroup;
			children = (
				B83CCCBB19E189FB00388122 /* ViewController.h */,
				B83CCCBC19E189FB00388122 /* ViewController.m */,
				B83CCCDD19E24B1900388122 /* crystal_ball.mp3 */,
				B83CCCBE19E189FB00388122 /* Main.storyboard */,
				B83CCCC119E189FB00388122 /* Images.xcassets */,
				B83CCCC319E189FB00388122 /* LaunchScreen.xib */,
				B83CCCB419E189FB00388122 /* Supporting Files */,
				B83CCCDA19E21D9F00388122 /* THCrystalBall.h */,
				B83CCCDB19E21D9F00388122 /* THCrystalBall.m */,
			);
			path = CrystalBall;
			sourceTree = "<group>";
		};
		B83CCCB419E189FB00388122 /* Supporting Files */ = {
			isa = PBXGroup;
			children = (
				B83CCCB819E189FB00388122 /* AppDelegate.h */,
				B83CCCB919E189FB00388122 /* AppDelegate.m */,
				B83CCCB519E189FB00388122 /* Info.plist */,
				B83CCCB619E189FB00388122 /* main.m */,
			);
			name = "Supporting Files";
			sourceTree = "<group>";
		};
		B83CCCCD19E189FB00388122 /* CrystalBallTests */ = {
			isa = PBXGroup;
			children = (
				B83CCCD019E189FB00388122 /* CrystalBallTests.m */,
				B83CCCCE19E189FB00388122 /* Supporting Files */,
			);
			path = CrystalBallTests;
			sourceTree = "<group>";
		};
		B83CCCCE19E189FB00388122 /* Supporting Files */ = {
			isa = PBXGroup;
			children = (
				B83CCCCF19E189FB00388122 /* Info.plist */,
			);
			name = "Supporting Files";
			sourceTree = "<group>";
		};
/* End PBXGroup section */

/* Begin PBXNativeTarget section */
		B83CCCB019E189FB00388122 /* CrystalBall */ = {
			isa = PBXNativeTarget;
			buildConfigurationList = B83CCCD419E189FB00388122 /* Build configuration list for PBXNativeTarget "CrystalBall" */;
			buildPhases = (
				B83CCCAD19E189FB00388122 /* Sources */,
				B83CCCAE19E189FB00388122 /* Frameworks */,
				B83CCCAF19E189FB00388122 /* Resources */,
			);
			buildRules = (
			);
			dependencies = (
			);
			name = CrystalBall;
			productName = CrystalBall;
			productReference = B83CCCB119E189FB00388122 /* CrystalBall.app */;
			productType = "com.apple.product-type.application";
		};
		B83CCCC919E189FB00388122 /* CrystalBallTests */ = {
			isa = PBXNativeTarget;
			buildConfigurationList = B83CCCD719E189FB00388122 /* Build configuration list for PBXNativeTarget "CrystalBallTests" */;
			buildPhases = (
				B83CCCC619E189FB00388122 /* Sources */,
				B83CCCC719E189FB00388122 /* Frameworks */,
				B83CCCC819E189FB00388122 /* Resources */,
			);
			buildRules = (
			);
			dependencies = (
				B83CCCCC19E189FB00388122 /* PBXTargetDependency */,
			);
			name = CrystalBallTests;
			productName = CrystalBallTests;
			productReference = B83CCCCA19E189FB00388122 /* CrystalBallTests.xctest */;
			productType = "com.apple.product-type.bundle.unit-test";
		};
/* End PBXNativeTarget section */

/* Begin PBXProject section */
		B83CCCA919E189FB00388122 /* Project object */ = {
			isa = PBXProject;
			attributes = {
				LastUpgradeCheck = 0600;
				ORGANIZATIONNAME = "Family Pompa Alarcón Rawls";
				TargetAttributes = {
					B83CCCB019E189FB00388122 = {
						CreatedOnToolsVersion = 6.0.1;
						DevelopmentTeam = PXQ8GUW54S;
					};
					B83CCCC919E189FB00388122 = {
						CreatedOnToolsVersion = 6.0.1;
						TestTargetID = B83CCCB019E189FB00388122;
					};
				};
			};
			buildConfigurationList = B83CCCAC19E189FB00388122 /* Build configuration list for PBXProject "CrystalBall" */;
			compatibilityVersion = "Xcode 3.2";
			developmentRegion = English;
			hasScannedForEncodings = 0;
			knownRegions = (
				en,
				Base,
			);
			mainGroup = B83CCCA819E189FB00388122;
			productRefGroup = B83CCCB219E189FB00388122 /* Products */;
			projectDirPath = "";
			projectRoot = "";
			targets = (
				B83CCCB019E189FB00388122 /* CrystalBall */,
				B83CCCC919E189FB00388122 /* CrystalBallTests */,
			);
		};
/* End PBXProject section */

/* Begin PBXResourcesBuildPhase section */
		B83CCCAF19E189FB00388122 /* Resources */ = {
			isa = PBXResourcesBuildPhase;
			buildActionMask = 2147483647;
			files = (
				B83CCCC019E189FB00388122 /* Main.storyboard in Resources */,
				B83CCCC519E189FB00388122 /* LaunchScreen.xib in Resources */,
				B83CCCDE19E24B1900388122 /* crystal_ball.mp3 in Resources */,
				B83CCCC219E189FB00388122 /* Images.xcassets in Resources */,
			);
			runOnlyForDeploymentPostprocessing = 0;
		};
		B83CCCC819E189FB00388122 /* Resources */ = {
			isa = PBXResourcesBuildPhase;
			buildActionMask = 2147483647;
			files = (
			);
			runOnlyForDeploymentPostprocessing = 0;
		};
/* End PBXResourcesBuildPhase section */

/* Begin PBXSourcesBuildPhase section */
		B83CCCAD19E189FB00388122 /* Sources */ = {
			isa = PBXSourcesBuildPhase;
			buildActionMask = 2147483647;
			files = (
				B83CCCBD19E189FB00388122 /* ViewController.m in Sources */,
				B83CCCBA19E189FB00388122 /* AppDelegate.m in Sources */,
				B83CCCB719E189FB00388122 /* main.m in Sources */,
				B83CCCDC19E21D9F00388122 /* THCrystalBall.m in Sources */,
			);
			runOnlyForDeploymentPostprocessing = 0;
		};
		B83CCCC619E189FB00388122 /* Sources */ = {
			isa = PBXSourcesBuildPhase;
			buildActionMask = 2147483647;
			files = (
				B83CCCD119E189FB00388122 /* CrystalBallTests.m in Sources */,
			);
			runOnlyForDeploymentPostprocessing = 0;
		};
/* End PBXSourcesBuildPhase section */

/* Begin PBXTargetDependency section */
		B83CCCCC19E189FB00388122 /* PBXTargetDependency */ = {
			isa = PBXTargetDependency;
			target = B83CCCB019E189FB00388122 /* CrystalBall */;
			targetProxy = B83CCCCB19E189FB00388122 /* PBXContainerItemProxy */;
		};
/* End PBXTargetDependency section */

/* Begin PBXVariantGroup section */
		B83CCCBE19E189FB00388122 /* Main.storyboard */ = {
			isa = PBXVariantGroup;
			children = (
				B83CCCBF19E189FB00388122 /* Base */,
			);
			name = Main.storyboard;
			sourceTree = "<group>";
		};
		B83CCCC319E189FB00388122 /* LaunchScreen.xib */ = {
			isa = PBXVariantGroup;
			children = (
				B83CCCC419E189FB00388122 /* Base */,
			);
			name = LaunchScreen.xib;
			sourceTree = "<group>";
		};
/* End PBXVariantGroup section */

/* Begin XCBuildConfiguration section */
		B83CCCD219E189FB00388122 /* Debug */ = {
			isa = XCBuildConfiguration;
			buildSettings = {
				ALWAYS_SEARCH_USER_PATHS = NO;
				CLANG_CXX_LANGUAGE_STANDARD = "gnu++0x";
				CLANG_CXX_LIBRARY = "libc++";
				CLANG_ENABLE_MODULES = YES;
				CLANG_ENABLE_OBJC_ARC = YES;
				CLANG_WARN_BOOL_CONVERSION = YES;
				CLANG_WARN_CONSTANT_CONVERSION = YES;
				CLANG_WARN_DIRECT_OBJC_ISA_USAGE = YES_ERROR;
				CLANG_WARN_EMPTY_BODY = YES;
				CLANG_WARN_ENUM_CONVERSION = YES;
				CLANG_WARN_INT_CONVERSION = YES;
				CLANG_WARN_OBJC_ROOT_CLASS = YES_ERROR;
				CLANG_WARN_UNREACHABLE_CODE = YES;
				CLANG_WARN__DUPLICATE_METHOD_MATCH = YES;
				"CODE_SIGN_IDENTITY[sdk=iphoneos*]" = "iPhone Developer";
				COPY_PHASE_STRIP = NO;
				ENABLE_STRICT_OBJC_MSGSEND = YES;
				GCC_C_LANGUAGE_STANDARD = gnu99;
				GCC_DYNAMIC_NO_PIC = NO;
				GCC_OPTIMIZATION_LEVEL = 0;
				GCC_PREPROCESSOR_DEFINITIONS = (
					"DEBUG=1",
					"$(inherited)",
				);
				GCC_SYMBOLS_PRIVATE_EXTERN = NO;
				GCC_WARN_64_TO_32_BIT_CONVERSION = YES;
				GCC_WARN_ABOUT_RETURN_TYPE = YES_ERROR;
				GCC_WARN_UNDECLARED_SELECTOR = YES;
				GCC_WARN_UNINITIALIZED_AUTOS = YES_AGGRESSIVE;
				GCC_WARN_UNUSED_FUNCTION = YES;
				GCC_WARN_UNUSED_VARIABLE = YES;
				IPHONEOS_DEPLOYMENT_TARGET = 8.0;
				MTL_ENABLE_DEBUG_INFO = YES;
				ONLY_ACTIVE_ARCH = YES;
				SDKROOT = iphoneos;
			};
			name = Debug;
		};
		B83CCCD319E189FB00388122 /* Release */ = {
			isa = XCBuildConfiguration;
			buildSettings = {
				ALWAYS_SEARCH_USER_PATHS = NO;
				CLANG_CXX_LANGUAGE_STANDARD = "gnu++0x";
				CLANG_CXX_LIBRARY = "libc++";
				CLANG_ENABLE_MODULES = YES;
				CLANG_ENABLE_OBJC_ARC = YES;
				CLANG_WARN_BOOL_CONVERSION = YES;
				CLANG_WARN_CONSTANT_CONVERSION = YES;
				CLANG_WARN_DIRECT_OBJC_ISA_USAGE = YES_ERROR;
				CLANG_WARN_EMPTY_BODY = YES;
				CLANG_WARN_ENUM_CONVERSION = YES;
				CLANG_WARN_INT_CONVERSION = YES;
				CLANG_WARN_OBJC_ROOT_CLASS = YES_ERROR;
				CLANG_WARN_UNREACHABLE_CODE = YES;
				CLANG_WARN__DUPLICATE_METHOD_MATCH = YES;
				"CODE_SIGN_IDENTITY[sdk=iphoneos*]" = "iPhone Developer";
				COPY_PHASE_STRIP = YES;
				ENABLE_NS_ASSERTIONS = NO;
				ENABLE_STRICT_OBJC_MSGSEND = YES;
				GCC_C_LANGUAGE_STANDARD = gnu99;
				GCC_WARN_64_TO_32_BIT_CONVERSION = YES;
				GCC_WARN_ABOUT_RETURN_TYPE = YES_ERROR;
				GCC_WARN_UNDECLARED_SELECTOR = YES;
				GCC_WARN_UNINITIALIZED_AUTOS = YES_AGGRESSIVE;
				GCC_WARN_UNUSED_FUNCTION = YES;
				GCC_WARN_UNUSED_VARIABLE = YES;
				IPHONEOS_DEPLOYMENT_TARGET = 8.0;
				MTL_ENABLE_DEBUG_INFO = NO;
				SDKROOT = iphoneos;
				VALIDATE_PRODUCT = YES;
			};
			name = Release;
		};
		B83CCCD519E189FB00388122 /* Debug */ = {
			isa = XCBuildConfiguration;
			buildSettings = {
				ASSETCATALOG_COMPILER_APPICON_NAME = AppIcon;
				CODE_SIGN_IDENTITY = "iPhone Developer";
				"CODE_SIGN_IDENTITY[sdk=iphoneos*]" = "iPhone Developer";
				INFOPLIST_FILE = CrystalBall/Info.plist;
				LD_RUNPATH_SEARCH_PATHS = "$(inherited) @executable_path/Frameworks";
				PRODUCT_NAME = "$(TARGET_NAME)";
				PROVISIONING_PROFILE = "";
			};
			name = Debug;
		};
		B83CCCD619E189FB00388122 /* Release */ = {
			isa = XCBuildConfiguration;
			buildSettings = {
				ASSETCATALOG_COMPILER_APPICON_NAME = AppIcon;
				CODE_SIGN_IDENTITY = "iPhone Developer";
				"CODE_SIGN_IDENTITY[sdk=iphoneos*]" = "iPhone Developer";
				INFOPLIST_FILE = CrystalBall/Info.plist;
				LD_RUNPATH_SEARCH_PATHS = "$(inherited) @executable_path/Frameworks";
				PRODUCT_NAME = "$(TARGET_NAME)";
				PROVISIONING_PROFILE = "";
			};
			name = Release;
		};
		B83CCCD819E189FB00388122 /* Debug */ = {
			isa = XCBuildConfiguration;
			buildSettings = {
				BUNDLE_LOADER = "$(TEST_HOST)";
				FRAMEWORK_SEARCH_PATHS = (
					"$(SDKROOT)/Developer/Library/Frameworks",
					"$(inherited)",
				);
				GCC_PREPROCESSOR_DEFINITIONS = (
					"DEBUG=1",
					"$(inherited)",
				);
				INFOPLIST_FILE = CrystalBallTests/Info.plist;
				LD_RUNPATH_SEARCH_PATHS = "$(inherited) @executable_path/Frameworks @loader_path/Frameworks";
				PRODUCT_NAME = "$(TARGET_NAME)";
				TEST_HOST = "$(BUILT_PRODUCTS_DIR)/CrystalBall.app/CrystalBall";
			};
			name = Debug;
		};
		B83CCCD919E189FB00388122 /* Release */ = {
			isa = XCBuildConfiguration;
			buildSettings = {
				BUNDLE_LOADER = "$(TEST_HOST)";
				FRAMEWORK_SEARCH_PATHS = (
					"$(SDKROOT)/Developer/Library/Frameworks",
					"$(inherited)",
				);
				INFOPLIST_FILE = CrystalBallTests/Info.plist;
				LD_RUNPATH_SEARCH_PATHS = "$(inherited) @executable_path/Frameworks @loader_path/Frameworks";
				PRODUCT_NAME = "$(TARGET_NAME)";
				TEST_HOST = "$(BUILT_PRODUCTS_DIR)/CrystalBall.app/CrystalBall";
			};
			name = Release;
		};
/* End XCBuildConfiguration section */

/* Begin XCConfigurationList section */
		B83CCCAC19E189FB00388122 /* Build configuration list for PBXProject "CrystalBall" */ = {
			isa = XCConfigurationList;
			buildConfigurations = (
				B83CCCD219E189FB00388122 /* Debug */,
				B83CCCD319E189FB00388122 /* Release */,
			);
			defaultConfigurationIsVisible = 0;
			defaultConfigurationName = Release;
		};
		B83CCCD419E189FB00388122 /* Build configuration list for PBXNativeTarget "CrystalBall" */ = {
			isa = XCConfigurationList;
			buildConfigurations = (
				B83CCCD519E189FB00388122 /* Debug */,
				B83CCCD619E189FB00388122 /* Release */,
			);
			defaultConfigurationIsVisible = 0;
			defaultConfigurationName = Release;
		};
		B83CCCD719E189FB00388122 /* Build configuration list for PBXNativeTarget "CrystalBallTests" */ = {
			isa = XCConfigurationList;
			buildConfigurations = (
				B83CCCD819E189FB00388122 /* Debug */,
				B83CCCD919E189FB00388122 /* Release */,
			);
			defaultConfigurationIsVisible = 0;
			defaultConfigurationName = Release;
		};
/* End XCConfigurationList section */
	};
	rootObject = B83CCCA919E189FB00388122 /* Project object */;
}
